
Microsoft Visual Studio Solution File, Format Version 12.00
# Visual Studio Version 16
VisualStudioVersion = 16.0.34601.136
MinimumVisualStudioVersion = 10.0.40219.1
Project("{8BC9CEB8-8B4A-11D0-8D11-00A0C91BC942}") = "Magshimim_EX12", "Magshimim_EX12\Magshimim_EX12.vcxproj", "{A98B9204-A8AB-41D3-B3CD-687825964BAA}"
EndProject
Global
	GlobalSection(SolutionConfigurationPlatforms) = preSolution
		Debug|x64 = Debug|x64
		Debug|x86 = Debug|x86
		Release|x64 = Release|x64
		Release|x86 = Release|x86
	EndGlobalSection
	GlobalSection(ProjectConfigurationPlatforms) = postSolution
		{A98B9204-A8AB-41D3-B3CD-687825964BAA}.Debug|x64.ActiveCfg = Debug|x64
		{A98B9204-A8AB-41D3-B3CD-687825964BAA}.Debug|x64.Build.0 = Debug|x64
		{A98B9204-A8AB-41D3-B3CD-687825964BAA}.Debug|x86.ActiveCfg = Debug|Win32
		{A98B9204-A8AB-41D3-B3CD-687825964BAA}.Debug|x86.Build.0 = Debug|Win32
		{A98B9204-A8AB-41D3-B3CD-687825964BAA}.Release|x64.ActiveCfg = Release|x64
		{A98B9204-A8AB-41D3-B3CD-687825964BAA}.Release|x64.Build.0 = Release|x64
		{A98B9204-A8AB-41D3-B3CD-687825964BAA}.Release|x86.ActiveCfg = Release|Win32
		{A98B9204-A8AB-41D3-B3CD-687825964BAA}.Release|x86.Build.0 = Release|Win32
	EndGlobalSection
	GlobalSection(SolutionProperties) = preSolution
		HideSolutionNode = FALSE
	EndGlobalSection
	GlobalSection(ExtensibilityGlobals) = postSolution
		SolutionGuid = {89F54FB2-6D9F-48FE-805D-BA0E18573612}
	EndGlobalSection
EndGlobal
